<Solution>
  <Project Path="GoTogether.API/GoTogether.API.csproj" />
  <Project Path="GoTogether.Application/GoTogether.Application.csproj" />
  <Project Path="GoTogether.CLI/GoTogether.CLI.csproj" Id="4dc93f9c-b724-4662-ac60-30916ebefc07" />
  <Project Path="GoTogether.Domain/GoTogether.Domain.csproj" />
  <Project Path="GoTogether.Infrastructure/GoTogether.Infrastructure.csproj" />
</Solution>
